
Microsoft Visual Studio Solution File, Format Version 12.00
# Visual Studio Version 16
VisualStudioVersion = 16.0.30907.101
MinimumVisualStudioVersion = 10.0.40219.1
Project("{FAE04EC0-301F-11D3-BF4B-00C04F79EFBC}") = "Övninguppgift5", "Övninguppgift5\Övninguppgift5.csproj", "{81253D67-5AF7-4CD3-BDB9-39D0FFAC8B72}"
EndProject
Project("{FAE04EC0-301F-11D3-BF4B-00C04F79EFBC}") = "GarageTestProject", "GarageTestProject\GarageTestProject.csproj", "{304C15BC-B260-4439-90EA-2447362DB532}"
EndProject
Global
	GlobalSection(SolutionConfigurationPlatforms) = preSolution
		Debug|Any CPU = Debug|Any CPU
		Release|Any CPU = Release|Any CPU
	EndGlobalSection
	GlobalSection(ProjectConfigurationPlatforms) = postSolution
		{81253D67-5AF7-4CD3-BDB9-39D0FFAC8B72}.Debug|Any CPU.ActiveCfg = Debug|Any CPU
		{81253D67-5AF7-4CD3-BDB9-39D0FFAC8B72}.Debug|Any CPU.Build.0 = Debug|Any CPU
		{81253D67-5AF7-4CD3-BDB9-39D0FFAC8B72}.Release|Any CPU.ActiveCfg = Release|Any CPU
		{81253D67-5AF7-4CD3-BDB9-39D0FFAC8B72}.Release|Any CPU.Build.0 = Release|Any CPU
		{304C15BC-B260-4439-90EA-2447362DB532}.Debug|Any CPU.ActiveCfg = Debug|Any CPU
		{304C15BC-B260-4439-90EA-2447362DB532}.Debug|Any CPU.Build.0 = Debug|Any CPU
		{304C15BC-B260-4439-90EA-2447362DB532}.Release|Any CPU.ActiveCfg = Release|Any CPU
		{304C15BC-B260-4439-90EA-2447362DB532}.Release|Any CPU.Build.0 = Release|Any CPU
	EndGlobalSection
	GlobalSection(SolutionProperties) = preSolution
		HideSolutionNode = FALSE
	EndGlobalSection
	GlobalSection(ExtensibilityGlobals) = postSolution
		SolutionGuid = {09F1A03D-1F9D-4F8C-8D75-350D67861BCC}
	EndGlobalSection
EndGlobal
